// !$*UTF8*$!
{
	archiveVersion = 1;
	classes = {
	};
	objectVersion = 51;
	objects = {

/* Begin PBXBuildFile section */
		922D146AF5A9F81EFFE0577F /* Pods_rcrd.framework in Frameworks */ = {isa = PBXBuildFile; fileRef = 68482C560EB504F62E68E812 /* Pods_rcrd.framework */; };
		CD53EF8523711C8E0096C84F /* RcrdList.swift in Sources */ = {isa = PBXBuildFile; fileRef = CD53EF8423711C8E0096C84F /* RcrdList.swift */; };
		CD5B3DFF236F949200B61356 /* Rcrd.swift in Sources */ = {isa = PBXBuildFile; fileRef = CD5B3DFC236F949200B61356 /* Rcrd.swift */; };
		CD5B3E00236F949200B61356 /* AccountView.swift in Sources */ = {isa = PBXBuildFile; fileRef = CD5B3DFD236F949200B61356 /* AccountView.swift */; };
		CD5B3E01236F949200B61356 /* RcrdView.swift in Sources */ = {isa = PBXBuildFile; fileRef = CD5B3DFE236F949200B61356 /* RcrdView.swift */; };
		CD5B3E03236F94A000B61356 /* MainView.swift in Sources */ = {isa = PBXBuildFile; fileRef = CD5B3E02236F94A000B61356 /* MainView.swift */; };
		CDF8CA82237DC795003BC6C5 /* RcrdCell.swift in Sources */ = {isa = PBXBuildFile; fileRef = CDF8CA81237DC795003BC6C5 /* RcrdCell.swift */; };
		CDF8CA84237DD0AF003BC6C5 /* global.swift in Sources */ = {isa = PBXBuildFile; fileRef = CDF8CA83237DD0AF003BC6C5 /* global.swift */; };
		CDF8F59922B95C9F0090A05C /* AppDelegate.swift in Sources */ = {isa = PBXBuildFile; fileRef = CDF8F59822B95C9F0090A05C /* AppDelegate.swift */; };
		CDF8F59E22B95C9F0090A05C /* Main.storyboard in Resources */ = {isa = PBXBuildFile; fileRef = CDF8F59C22B95C9F0090A05C /* Main.storyboard */; };
		CDF8F5A022B95C9F0090A05C /* Assets.xcassets in Resources */ = {isa = PBXBuildFile; fileRef = CDF8F59F22B95C9F0090A05C /* Assets.xcassets */; };
		CDF8F5A322B95C9F0090A05C /* LaunchScreen.storyboard in Resources */ = {isa = PBXBuildFile; fileRef = CDF8F5A122B95C9F0090A05C /* LaunchScreen.storyboard */; };
		CDF8F5AE22B95C9F0090A05C /* rkrdTests.swift in Sources */ = {isa = PBXBuildFile; fileRef = CDF8F5AD22B95C9F0090A05C /* rkrdTests.swift */; };
		CDF8F5B922B95C9F0090A05C /* rkrdUITests.swift in Sources */ = {isa = PBXBuildFile; fileRef = CDF8F5B822B95C9F0090A05C /* rkrdUITests.swift */; };
/* End PBXBuildFile section */

/* Begin PBXContainerItemProxy section */
		CDF8F5AA22B95C9F0090A05C /* PBXContainerItemProxy */ = {
			isa = PBXContainerItemProxy;
			containerPortal = CDF8F58D22B95C9E0090A05C /* Project object */;
			proxyType = 1;
			remoteGlobalIDString = CDF8F59422B95C9E0090A05C;
			remoteInfo = rkrd;
		};
		CDF8F5B522B95C9F0090A05C /* PBXContainerItemProxy */ = {
			isa = PBXContainerItemProxy;
			containerPortal = CDF8F58D22B95C9E0090A05C /* Project object */;
			proxyType = 1;
			remoteGlobalIDString = CDF8F59422B95C9E0090A05C;
			remoteInfo = rkrd;
		};
/* End PBXContainerItemProxy section */

/* Begin PBXFileReference section */
		2DDDBF268B9B0349EE18F482 /* Pods-rcrd.release.xcconfig */ = {isa = PBXFileReference; includeInIndex = 1; lastKnownFileType = text.xcconfig; name = "Pods-rcrd.release.xcconfig"; path = "Target Support Files/Pods-rcrd/Pods-rcrd.release.xcconfig"; sourceTree = "<group>"; };
		68482C560EB504F62E68E812 /* Pods_rcrd.framework */ = {isa = PBXFileReference; explicitFileType = wrapper.framework; includeInIndex = 0; path = Pods_rcrd.framework; sourceTree = BUILT_PRODUCTS_DIR; };
		A725BB81AE43F29A461A239D /* Pods-rkrd.debug.xcconfig */ = {isa = PBXFileReference; includeInIndex = 1; lastKnownFileType = text.xcconfig; name = "Pods-rkrd.debug.xcconfig"; path = "Target Support Files/Pods-rkrd/Pods-rkrd.debug.xcconfig"; sourceTree = "<group>"; };
		CD53EF8423711C8E0096C84F /* RcrdList.swift */ = {isa = PBXFileReference; lastKnownFileType = sourcecode.swift; path = RcrdList.swift; sourceTree = "<group>"; };
		CD5B3DFC236F949200B61356 /* Rcrd.swift */ = {isa = PBXFileReference; fileEncoding = 4; lastKnownFileType = sourcecode.swift; path = Rcrd.swift; sourceTree = "<group>"; };
		CD5B3DFD236F949200B61356 /* AccountView.swift */ = {isa = PBXFileReference; fileEncoding = 4; lastKnownFileType = sourcecode.swift; path = AccountView.swift; sourceTree = "<group>"; };
		CD5B3DFE236F949200B61356 /* RcrdView.swift */ = {isa = PBXFileReference; fileEncoding = 4; lastKnownFileType = sourcecode.swift; name = RcrdView.swift; path = /Users/Patrick/Documents/Projects/rcrd/rcrd/rcrd/RcrdView.swift; sourceTree = "<absolute>"; };
		CD5B3E02236F94A000B61356 /* MainView.swift */ = {isa = PBXFileReference; lastKnownFileType = sourcecode.swift; name = MainView.swift; path = /Users/Patrick/Documents/Projects/rcrd/rcrd/rcrd/MainView.swift; sourceTree = "<absolute>"; };
		CDF8CA81237DC795003BC6C5 /* RcrdCell.swift */ = {isa = PBXFileReference; lastKnownFileType = sourcecode.swift; path = RcrdCell.swift; sourceTree = "<group>"; };
		CDF8CA83237DD0AF003BC6C5 /* global.swift */ = {isa = PBXFileReference; lastKnownFileType = sourcecode.swift; path = global.swift; sourceTree = "<group>"; };
		CDF8F59522B95C9F0090A05C /* rcrd.app */ = {isa = PBXFileReference; explicitFileType = wrapper.application; includeInIndex = 0; path = rcrd.app; sourceTree = BUILT_PRODUCTS_DIR; };
		CDF8F59822B95C9F0090A05C /* AppDelegate.swift */ = {isa = PBXFileReference; lastKnownFileType = sourcecode.swift; path = AppDelegate.swift; sourceTree = "<group>"; };
		CDF8F59D22B95C9F0090A05C /* Base */ = {isa = PBXFileReference; lastKnownFileType = file.storyboard; name = Base; path = Base.lproj/Main.storyboard; sourceTree = "<group>"; };
		CDF8F59F22B95C9F0090A05C /* Assets.xcassets */ = {isa = PBXFileReference; lastKnownFileType = folder.assetcatalog; path = Assets.xcassets; sourceTree = "<group>"; };
		CDF8F5A222B95C9F0090A05C /* Base */ = {isa = PBXFileReference; lastKnownFileType = file.storyboard; name = Base; path = Base.lproj/LaunchScreen.storyboard; sourceTree = "<group>"; };
		CDF8F5A422B95C9F0090A05C /* Info.plist */ = {isa = PBXFileReference; lastKnownFileType = text.plist.xml; name = Info.plist; path = /Users/Patrick/Documents/Projects/rcrd/rcrd/rcrd/Info.plist; sourceTree = "<absolute>"; };
		CDF8F5A922B95C9F0090A05C /* rcrdTests.xctest */ = {isa = PBXFileReference; explicitFileType = wrapper.cfbundle; includeInIndex = 0; path = rcrdTests.xctest; sourceTree = BUILT_PRODUCTS_DIR; };
		CDF8F5AD22B95C9F0090A05C /* rkrdTests.swift */ = {isa = PBXFileReference; lastKnownFileType = sourcecode.swift; path = rkrdTests.swift; sourceTree = "<group>"; };
		CDF8F5AF22B95C9F0090A05C /* Info.plist */ = {isa = PBXFileReference; lastKnownFileType = text.plist.xml; path = Info.plist; sourceTree = "<group>"; };
		CDF8F5B422B95C9F0090A05C /* rcrdUITests.xctest */ = {isa = PBXFileReference; explicitFileType = wrapper.cfbundle; includeInIndex = 0; path = rcrdUITests.xctest; sourceTree = BUILT_PRODUCTS_DIR; };
		CDF8F5B822B95C9F0090A05C /* rkrdUITests.swift */ = {isa = PBXFileReference; lastKnownFileType = sourcecode.swift; path = rkrdUITests.swift; sourceTree = "<group>"; };
		CDF8F5BA22B95C9F0090A05C /* Info.plist */ = {isa = PBXFileReference; lastKnownFileType = text.plist.xml; path = Info.plist; sourceTree = "<group>"; };
		E0E16C342BCEEF566E1E5304 /* Pods-rcrd.debug.xcconfig */ = {isa = PBXFileReference; includeInIndex = 1; lastKnownFileType = text.xcconfig; name = "Pods-rcrd.debug.xcconfig"; path = "Target Support Files/Pods-rcrd/Pods-rcrd.debug.xcconfig"; sourceTree = "<group>"; };
		F5DBEEF289968C35B72375C1 /* Pods-rkrd.release.xcconfig */ = {isa = PBXFileReference; includeInIndex = 1; lastKnownFileType = text.xcconfig; name = "Pods-rkrd.release.xcconfig"; path = "Target Support Files/Pods-rkrd/Pods-rkrd.release.xcconfig"; sourceTree = "<group>"; };
/* End PBXFileReference section */

/* Begin PBXFrameworksBuildPhase section */
		CDF8F59222B95C9E0090A05C /* Frameworks */ = {
			isa = PBXFrameworksBuildPhase;
			buildActionMask = 2147483647;
			files = (
				922D146AF5A9F81EFFE0577F /* Pods_rcrd.framework in Frameworks */,
			);
			runOnlyForDeploymentPostprocessing = 0;
		};
		CDF8F5A622B95C9F0090A05C /* Frameworks */ = {
			isa = PBXFrameworksBuildPhase;
			buildActionMask = 2147483647;
			files = (
			);
			runOnlyForDeploymentPostprocessing = 0;
		};
		CDF8F5B122B95C9F0090A05C /* Frameworks */ = {
			isa = PBXFrameworksBuildPhase;
			buildActionMask = 2147483647;
			files = (
			);
			runOnlyForDeploymentPostprocessing = 0;
		};
/* End PBXFrameworksBuildPhase section */

/* Begin PBXGroup section */
		0A19E378651FACE608C0AB42 /* Pods */ = {
			isa = PBXGroup;
			children = (
				A725BB81AE43F29A461A239D /* Pods-rkrd.debug.xcconfig */,
				F5DBEEF289968C35B72375C1 /* Pods-rkrd.release.xcconfig */,
				E0E16C342BCEEF566E1E5304 /* Pods-rcrd.debug.xcconfig */,
				2DDDBF268B9B0349EE18F482 /* Pods-rcrd.release.xcconfig */,
			);
			path = Pods;
			sourceTree = "<group>";
		};
		CDF8F58C22B95C9E0090A05C = {
			isa = PBXGroup;
			children = (
				CDF8F59722B95C9F0090A05C /* rcrd */,
				CDF8F5AC22B95C9F0090A05C /* rkrdTests */,
				CDF8F5B722B95C9F0090A05C /* rkrdUITests */,
				CDF8F59622B95C9F0090A05C /* Products */,
				0A19E378651FACE608C0AB42 /* Pods */,
				D40A360ED78EF78DA629D452 /* Frameworks */,
			);
			sourceTree = "<group>";
		};
		CDF8F59622B95C9F0090A05C /* Products */ = {
			isa = PBXGroup;
			children = (
				CDF8F59522B95C9F0090A05C /* rcrd.app */,
				CDF8F5A922B95C9F0090A05C /* rcrdTests.xctest */,
				CDF8F5B422B95C9F0090A05C /* rcrdUITests.xctest */,
			);
			name = Products;
			sourceTree = "<group>";
		};
		CDF8F59722B95C9F0090A05C /* rcrd */ = {
			isa = PBXGroup;
			children = (
				CDF8CA83237DD0AF003BC6C5 /* global.swift */,
				CDF8F59C22B95C9F0090A05C /* Main.storyboard */,
				CD5B3DFC236F949200B61356 /* Rcrd.swift */,
				CD5B3E02236F94A000B61356 /* MainView.swift */,
				CD5B3DFE236F949200B61356 /* RcrdView.swift */,
				CD53EF8423711C8E0096C84F /* RcrdList.swift */,
				CDF8CA81237DC795003BC6C5 /* RcrdCell.swift */,
				CDF8F59822B95C9F0090A05C /* AppDelegate.swift */,
				CD5B3DFD236F949200B61356 /* AccountView.swift */,
				CDF8F59F22B95C9F0090A05C /* Assets.xcassets */,
				CDF8F5A122B95C9F0090A05C /* LaunchScreen.storyboard */,
				CDF8F5A422B95C9F0090A05C /* Info.plist */,
			);
			path = rcrd;
			sourceTree = "<group>";
		};
		CDF8F5AC22B95C9F0090A05C /* rkrdTests */ = {
			isa = PBXGroup;
			children = (
				CDF8F5AD22B95C9F0090A05C /* rkrdTests.swift */,
				CDF8F5AF22B95C9F0090A05C /* Info.plist */,
			);
			path = rkrdTests;
			sourceTree = "<group>";
		};
		CDF8F5B722B95C9F0090A05C /* rkrdUITests */ = {
			isa = PBXGroup;
			children = (
				CDF8F5B822B95C9F0090A05C /* rkrdUITests.swift */,
				CDF8F5BA22B95C9F0090A05C /* Info.plist */,
			);
			path = rkrdUITests;
			sourceTree = "<group>";
		};
		D40A360ED78EF78DA629D452 /* Frameworks */ = {
			isa = PBXGroup;
			children = (
				68482C560EB504F62E68E812 /* Pods_rcrd.framework */,
			);
			name = Frameworks;
			sourceTree = "<group>";
		};
/* End PBXGroup section */

/* Begin PBXNativeTarget section */
		CDF8F59422B95C9E0090A05C /* rcrd */ = {
			isa = PBXNativeTarget;
			buildConfigurationList = CDF8F5BD22B95C9F0090A05C /* Build configuration list for PBXNativeTarget "rcrd" */;
			buildPhases = (
				68E614EF7995D95CF3B39BA0 /* [CP] Check Pods Manifest.lock */,
				CDF8F59122B95C9E0090A05C /* Sources */,
				CDF8F59222B95C9E0090A05C /* Frameworks */,
				CDF8F59322B95C9E0090A05C /* Resources */,
				B6DA938DC4C0C1CD83646972 /* [CP] Embed Pods Frameworks */,
			);
			buildRules = (
			);
			dependencies = (
			);
			name = rcrd;
			productName = rkrd;
			productReference = CDF8F59522B95C9F0090A05C /* rcrd.app */;
			productType = "com.apple.product-type.application";
		};
		CDF8F5A822B95C9F0090A05C /* rcrdTests */ = {
			isa = PBXNativeTarget;
			buildConfigurationList = CDF8F5C022B95C9F0090A05C /* Build configuration list for PBXNativeTarget "rcrdTests" */;
			buildPhases = (
				CDF8F5A522B95C9F0090A05C /* Sources */,
				CDF8F5A622B95C9F0090A05C /* Frameworks */,
				CDF8F5A722B95C9F0090A05C /* Resources */,
			);
			buildRules = (
			);
			dependencies = (
				CDF8F5AB22B95C9F0090A05C /* PBXTargetDependency */,
			);
			name = rcrdTests;
			productName = rkrdTests;
			productReference = CDF8F5A922B95C9F0090A05C /* rcrdTests.xctest */;
			productType = "com.apple.product-type.bundle.unit-test";
		};
		CDF8F5B322B95C9F0090A05C /* rcrdUITests */ = {
			isa = PBXNativeTarget;
			buildConfigurationList = CDF8F5C322B95C9F0090A05C /* Build configuration list for PBXNativeTarget "rcrdUITests" */;
			buildPhases = (
				CDF8F5B022B95C9F0090A05C /* Sources */,
				CDF8F5B122B95C9F0090A05C /* Frameworks */,
				CDF8F5B222B95C9F0090A05C /* Resources */,
			);
			buildRules = (
			);
			dependencies = (
				CDF8F5B622B95C9F0090A05C /* PBXTargetDependency */,
			);
			name = rcrdUITests;
			productName = rkrdUITests;
			productReference = CDF8F5B422B95C9F0090A05C /* rcrdUITests.xctest */;
			productType = "com.apple.product-type.bundle.ui-testing";
		};
/* End PBXNativeTarget section */

/* Begin PBXProject section */
		CDF8F58D22B95C9E0090A05C /* Project object */ = {
			isa = PBXProject;
			attributes = {
				LastSwiftUpdateCheck = 1020;
				LastUpgradeCheck = 1020;
				ORGANIZATIONNAME = "Patrick McElroy";
				TargetAttributes = {
					CDF8F59422B95C9E0090A05C = {
						CreatedOnToolsVersion = 10.2.1;
					};
					CDF8F5A822B95C9F0090A05C = {
						CreatedOnToolsVersion = 10.2.1;
						TestTargetID = CDF8F59422B95C9E0090A05C;
					};
					CDF8F5B322B95C9F0090A05C = {
						CreatedOnToolsVersion = 10.2.1;
						TestTargetID = CDF8F59422B95C9E0090A05C;
					};
				};
			};
			buildConfigurationList = CDF8F59022B95C9E0090A05C /* Build configuration list for PBXProject "rcrd" */;
			compatibilityVersion = "Xcode 9.3";
			developmentRegion = en;
			hasScannedForEncodings = 0;
			knownRegions = (
				en,
				Base,
			);
			mainGroup = CDF8F58C22B95C9E0090A05C;
			productRefGroup = CDF8F59622B95C9F0090A05C /* Products */;
			projectDirPath = "";
			projectRoot = "";
			targets = (
				CDF8F59422B95C9E0090A05C /* rcrd */,
				CDF8F5A822B95C9F0090A05C /* rcrdTests */,
				CDF8F5B322B95C9F0090A05C /* rcrdUITests */,
			);
		};
/* End PBXProject section */

/* Begin PBXResourcesBuildPhase section */
		CDF8F59322B95C9E0090A05C /* Resources */ = {
			isa = PBXResourcesBuildPhase;
			buildActionMask = 2147483647;
			files = (
				CDF8F5A322B95C9F0090A05C /* LaunchScreen.storyboard in Resources */,
				CDF8F5A022B95C9F0090A05C /* Assets.xcassets in Resources */,
				CDF8F59E22B95C9F0090A05C /* Main.storyboard in Resources */,
			);
			runOnlyForDeploymentPostprocessing = 0;
		};
		CDF8F5A722B95C9F0090A05C /* Resources */ = {
			isa = PBXResourcesBuildPhase;
			buildActionMask = 2147483647;
			files = (
			);
			runOnlyForDeploymentPostprocessing = 0;
		};
		CDF8F5B222B95C9F0090A05C /* Resources */ = {
			isa = PBXResourcesBuildPhase;
			buildActionMask = 2147483647;
			files = (
			);
			runOnlyForDeploymentPostprocessing = 0;
		};
/* End PBXResourcesBuildPhase section */

/* Begin PBXShellScriptBuildPhase section */
		68E614EF7995D95CF3B39BA0 /* [CP] Check Pods Manifest.lock */ = {
			isa = PBXShellScriptBuildPhase;
			buildActionMask = 2147483647;
			files = (
			);
			inputFileListPaths = (
			);
			inputPaths = (
				"${PODS_PODFILE_DIR_PATH}/Podfile.lock",
				"${PODS_ROOT}/Manifest.lock",
			);
			name = "[CP] Check Pods Manifest.lock";
			outputFileListPaths = (
			);
			outputPaths = (
				"$(DERIVED_FILE_DIR)/Pods-rcrd-checkManifestLockResult.txt",
			);
			runOnlyForDeploymentPostprocessing = 0;
			shellPath = /bin/sh;
			shellScript = "diff \"${PODS_PODFILE_DIR_PATH}/Podfile.lock\" \"${PODS_ROOT}/Manifest.lock\" > /dev/null\nif [ $? != 0 ] ; then\n    # print error to STDERR\n    echo \"error: The sandbox is not in sync with the Podfile.lock. Run 'pod install' or update your CocoaPods installation.\" >&2\n    exit 1\nfi\n# This output is used by Xcode 'outputs' to avoid re-running this script phase.\necho \"SUCCESS\" > \"${SCRIPT_OUTPUT_FILE_0}\"\n";
			showEnvVarsInLog = 0;
		};
		B6DA938DC4C0C1CD83646972 /* [CP] Embed Pods Frameworks */ = {
			isa = PBXShellScriptBuildPhase;
			buildActionMask = 2147483647;
			files = (
			);
			inputFileListPaths = (
				"${PODS_ROOT}/Target Support Files/Pods-rcrd/Pods-rcrd-frameworks-${CONFIGURATION}-input-files.xcfilelist",
			);
			name = "[CP] Embed Pods Frameworks";
			outputFileListPaths = (
				"${PODS_ROOT}/Target Support Files/Pods-rcrd/Pods-rcrd-frameworks-${CONFIGURATION}-output-files.xcfilelist",
			);
			runOnlyForDeploymentPostprocessing = 0;
			shellPath = /bin/sh;
			shellScript = "\"${PODS_ROOT}/Target Support Files/Pods-rcrd/Pods-rcrd-frameworks.sh\"\n";
			showEnvVarsInLog = 0;
		};
/* End PBXShellScriptBuildPhase section */

/* Begin PBXSourcesBuildPhase section */
		CDF8F59122B95C9E0090A05C /* Sources */ = {
			isa = PBXSourcesBuildPhase;
			buildActionMask = 2147483647;
			files = (
				CDF8CA84237DD0AF003BC6C5 /* global.swift in Sources */,
				CD53EF8523711C8E0096C84F /* RcrdList.swift in Sources */,
				CD5B3E00236F949200B61356 /* AccountView.swift in Sources */,
				CD5B3DFF236F949200B61356 /* Rcrd.swift in Sources */,
				CDF8F59922B95C9F0090A05C /* AppDelegate.swift in Sources */,
				CD5B3E03236F94A000B61356 /* MainView.swift in Sources */,
				CD5B3E01236F949200B61356 /* RcrdView.swift in Sources */,
				CDF8CA82237DC795003BC6C5 /* RcrdCell.swift in Sources */,
			);
			runOnlyForDeploymentPostprocessing = 0;
		};
		CDF8F5A522B95C9F0090A05C /* Sources */ = {
			isa = PBXSourcesBuildPhase;
			buildActionMask = 2147483647;
			files = (
				CDF8F5AE22B95C9F0090A05C /* rkrdTests.swift in Sources */,
			);
			runOnlyForDeploymentPostprocessing = 0;
		};
		CDF8F5B022B95C9F0090A05C /* Sources */ = {
			isa = PBXSourcesBuildPhase;
			buildActionMask = 2147483647;
			files = (
				CDF8F5B922B95C9F0090A05C /* rkrdUITests.swift in Sources */,
			);
			runOnlyForDeploymentPostprocessing = 0;
		};
/* End PBXSourcesBuildPhase section */

/* Begin PBXTargetDependency section */
		CDF8F5AB22B95C9F0090A05C /* PBXTargetDependency */ = {
			isa = PBXTargetDependency;
			target = CDF8F59422B95C9E0090A05C /* rcrd */;
			targetProxy = CDF8F5AA22B95C9F0090A05C /* PBXContainerItemProxy */;
		};
		CDF8F5B622B95C9F0090A05C /* PBXTargetDependency */ = {
			isa = PBXTargetDependency;
			target = CDF8F59422B95C9E0090A05C /* rcrd */;
			targetProxy = CDF8F5B522B95C9F0090A05C /* PBXContainerItemProxy */;
		};
/* End PBXTargetDependency section */

/* Begin PBXVariantGroup section */
		CDF8F59C22B95C9F0090A05C /* Main.storyboard */ = {
			isa = PBXVariantGroup;
			children = (
				CDF8F59D22B95C9F0090A05C /* Base */,
			);
			name = Main.storyboard;
			sourceTree = "<group>";
		};
		CDF8F5A122B95C9F0090A05C /* LaunchScreen.storyboard */ = {
			isa = PBXVariantGroup;
			children = (
				CDF8F5A222B95C9F0090A05C /* Base */,
			);
			name = LaunchScreen.storyboard;
			sourceTree = "<group>";
		};
/* End PBXVariantGroup section */

/* Begin XCBuildConfiguration section */
		CDF8F5BB22B95C9F0090A05C /* Debug */ = {
			isa = XCBuildConfiguration;
			buildSettings = {
				ALWAYS_SEARCH_USER_PATHS = NO;
				CLANG_ANALYZER_NONNULL = YES;
				CLANG_ANALYZER_NUMBER_OBJECT_CONVERSION = YES_AGGRESSIVE;
				CLANG_CXX_LANGUAGE_STANDARD = "gnu++14";
				CLANG_CXX_LIBRARY = "libc++";
				CLANG_ENABLE_MODULES = YES;
				CLANG_ENABLE_OBJC_ARC = YES;
				CLANG_ENABLE_OBJC_WEAK = YES;
				CLANG_WARN_BLOCK_CAPTURE_AUTORELEASING = YES;
				CLANG_WARN_BOOL_CONVERSION = YES;
				CLANG_WARN_COMMA = YES;
				CLANG_WARN_CONSTANT_CONVERSION = YES;
				CLANG_WARN_DEPRECATED_OBJC_IMPLEMENTATIONS = YES;
				CLANG_WARN_DIRECT_OBJC_ISA_USAGE = YES_ERROR;
				CLANG_WARN_DOCUMENTATION_COMMENTS = YES;
				CLANG_WARN_EMPTY_BODY = YES;
				CLANG_WARN_ENUM_CONVERSION = YES;
				CLANG_WARN_INFINITE_RECURSION = YES;
				CLANG_WARN_INT_CONVERSION = YES;
				CLANG_WARN_NON_LITERAL_NULL_CONVERSION = YES;
				CLANG_WARN_OBJC_IMPLICIT_RETAIN_SELF = YES;
				CLANG_WARN_OBJC_LITERAL_CONVERSION = YES;
				CLANG_WARN_OBJC_ROOT_CLASS = YES_ERROR;
				CLANG_WARN_RANGE_LOOP_ANALYSIS = YES;
				CLANG_WARN_STRICT_PROTOTYPES = YES;
				CLANG_WARN_SUSPICIOUS_MOVE = YES;
				CLANG_WARN_UNGUARDED_AVAILABILITY = YES_AGGRESSIVE;
				CLANG_WARN_UNREACHABLE_CODE = YES;
				CLANG_WARN__DUPLICATE_METHOD_MATCH = YES;
				CODE_SIGN_IDENTITY = "iPhone Developer";
				COPY_PHASE_STRIP = NO;
				DEBUG_INFORMATION_FORMAT = dwarf;
				ENABLE_STRICT_OBJC_MSGSEND = YES;
				ENABLE_TESTABILITY = YES;
				GCC_C_LANGUAGE_STANDARD = gnu11;
				GCC_DYNAMIC_NO_PIC = NO;
				GCC_NO_COMMON_BLOCKS = YES;
				GCC_OPTIMIZATION_LEVEL = 0;
				GCC_PREPROCESSOR_DEFINITIONS = (
					"DEBUG=1",
					"$(inherited)",
				);
				GCC_WARN_64_TO_32_BIT_CONVERSION = YES;
				GCC_WARN_ABOUT_RETURN_TYPE = YES_ERROR;
				GCC_WARN_UNDECLARED_SELECTOR = YES;
				GCC_WARN_UNINITIALIZED_AUTOS = YES_AGGRESSIVE;
				GCC_WARN_UNUSED_FUNCTION = YES;
				GCC_WARN_UNUSED_VARIABLE = YES;
				IPHONEOS_DEPLOYMENT_TARGET = 12.2;
				MTL_ENABLE_DEBUG_INFO = INCLUDE_SOURCE;
				MTL_FAST_MATH = YES;
				ONLY_ACTIVE_ARCH = YES;
				SDKROOT = iphoneos;
				SWIFT_ACTIVE_COMPILATION_CONDITIONS = DEBUG;
				SWIFT_OPTIMIZATION_LEVEL = "-Onone";
			};
			name = Debug;
		};
		CDF8F5BC22B95C9F0090A05C /* Release */ = {
			isa = XCBuildConfiguration;
			buildSettings = {
				ALWAYS_SEARCH_USER_PATHS = NO;
				CLANG_ANALYZER_NONNULL = YES;
				CLANG_ANALYZER_NUMBER_OBJECT_CONVERSION = YES_AGGRESSIVE;
				CLANG_CXX_LANGUAGE_STANDARD = "gnu++14";
				CLANG_CXX_LIBRARY = "libc++";
				CLANG_ENABLE_MODULES = YES;
				CLANG_ENABLE_OBJC_ARC = YES;
				CLANG_ENABLE_OBJC_WEAK = YES;
				CLANG_WARN_BLOCK_CAPTURE_AUTORELEASING = YES;
				CLANG_WARN_BOOL_CONVERSION = YES;
				CLANG_WARN_COMMA = YES;
				CLANG_WARN_CONSTANT_CONVERSION = YES;
				CLANG_WARN_DEPRECATED_OBJC_IMPLEMENTATIONS = YES;
				CLANG_WARN_DIRECT_OBJC_ISA_USAGE = YES_ERROR;
				CLANG_WARN_DOCUMENTATION_COMMENTS = YES;
				CLANG_WARN_EMPTY_BODY = YES;
				CLANG_WARN_ENUM_CONVERSION = YES;
				CLANG_WARN_INFINITE_RECURSION = YES;
				CLANG_WARN_INT_CONVERSION = YES;
				CLANG_WARN_NON_LITERAL_NULL_CONVERSION = YES;
				CLANG_WARN_OBJC_IMPLICIT_RETAIN_SELF = YES;
				CLANG_WARN_OBJC_LITERAL_CONVERSION = YES;
				CLANG_WARN_OBJC_ROOT_CLASS = YES_ERROR;
				CLANG_WARN_RANGE_LOOP_ANALYSIS = YES;
				CLANG_WARN_STRICT_PROTOTYPES = YES;
				CLANG_WARN_SUSPICIOUS_MOVE = YES;
				CLANG_WARN_UNGUARDED_AVAILABILITY = YES_AGGRESSIVE;
				CLANG_WARN_UNREACHABLE_CODE = YES;
				CLANG_WARN__DUPLICATE_METHOD_MATCH = YES;
				CODE_SIGN_IDENTITY = "iPhone Developer";
				COPY_PHASE_STRIP = NO;
				DEBUG_INFORMATION_FORMAT = "dwarf-with-dsym";
				ENABLE_NS_ASSERTIONS = NO;
				ENABLE_STRICT_OBJC_MSGSEND = YES;
				GCC_C_LANGUAGE_STANDARD = gnu11;
				GCC_NO_COMMON_BLOCKS = YES;
				GCC_WARN_64_TO_32_BIT_CONVERSION = YES;
				GCC_WARN_ABOUT_RETURN_TYPE = YES_ERROR;
				GCC_WARN_UNDECLARED_SELECTOR = YES;
				GCC_WARN_UNINITIALIZED_AUTOS = YES_AGGRESSIVE;
				GCC_WARN_UNUSED_FUNCTION = YES;
				GCC_WARN_UNUSED_VARIABLE = YES;
				IPHONEOS_DEPLOYMENT_TARGET = 12.2;
				MTL_ENABLE_DEBUG_INFO = NO;
				MTL_FAST_MATH = YES;
				SDKROOT = iphoneos;
				SWIFT_COMPILATION_MODE = wholemodule;
				SWIFT_OPTIMIZATION_LEVEL = "-O";
				VALIDATE_PRODUCT = YES;
			};
			name = Release;
		};
		CDF8F5BE22B95C9F0090A05C /* Debug */ = {
			isa = XCBuildConfiguration;
			baseConfigurationReference = E0E16C342BCEEF566E1E5304 /* Pods-rcrd.debug.xcconfig */;
			buildSettings = {
				ASSETCATALOG_COMPILER_APPICON_NAME = AppIcon;
				CODE_SIGN_STYLE = Automatic;
				DEVELOPMENT_TEAM = 8VNF32BC38;
				INFOPLIST_FILE = "$(SRCROOT)/rcrd/Info.plist";
				LD_RUNPATH_SEARCH_PATHS = (
					"$(inherited)",
					"@executable_path/Frameworks",
				);
				PRODUCT_BUNDLE_IDENTIFIER = None.rcrd;
				PRODUCT_NAME = "$(TARGET_NAME)";
				SWIFT_VERSION = 5.0;
				TARGETED_DEVICE_FAMILY = "1,2";
			};
			name = Debug;
		};
		CDF8F5BF22B95C9F0090A05C /* Release */ = {
			isa = XCBuildConfiguration;
			baseConfigurationReference = 2DDDBF268B9B0349EE18F482 /* Pods-rcrd.release.xcconfig */;
			buildSettings = {
				ASSETCATALOG_COMPILER_APPICON_NAME = AppIcon;
				CODE_SIGN_STYLE = Automatic;
				DEVELOPMENT_TEAM = 8VNF32BC38;
				INFOPLIST_FILE = "$(SRCROOT)/rcrd/Info.plist";
				LD_RUNPATH_SEARCH_PATHS = (
					"$(inherited)",
					"@executable_path/Frameworks",
				);
				PRODUCT_BUNDLE_IDENTIFIER = None.rcrd;
				PRODUCT_NAME = "$(TARGET_NAME)";
				SWIFT_VERSION = 5.0;
				TARGETED_DEVICE_FAMILY = "1,2";
			};
			name = Release;
		};
		CDF8F5C122B95C9F0090A05C /* Debug */ = {
			isa = XCBuildConfiguration;
			buildSettings = {
				ALWAYS_EMBED_SWIFT_STANDARD_LIBRARIES = YES;
				BUNDLE_LOADER = "$(TEST_HOST)";
				CODE_SIGN_STYLE = Automatic;
				DEVELOPMENT_TEAM = 8VNF32BC38;
				INFOPLIST_FILE = rkrdTests/Info.plist;
				LD_RUNPATH_SEARCH_PATHS = (
					"$(inherited)",
					"@executable_path/Frameworks",
					"@loader_path/Frameworks",
				);
				PRODUCT_BUNDLE_IDENTIFIER = None.rkrdTests;
				PRODUCT_NAME = "$(TARGET_NAME)";
				SWIFT_VERSION = 5.0;
				TARGETED_DEVICE_FAMILY = "1,2";
				TEST_HOST = "$(BUILT_PRODUCTS_DIR)/rcrd.app/rcrd";
			};
			name = Debug;
		};
		CDF8F5C222B95C9F0090A05C /* Release */ = {
			isa = XCBuildConfiguration;
			buildSettings = {
				ALWAYS_EMBED_SWIFT_STANDARD_LIBRARIES = YES;
				BUNDLE_LOADER = "$(TEST_HOST)";
				CODE_SIGN_STYLE = Automatic;
				DEVELOPMENT_TEAM = 8VNF32BC38;
				INFOPLIST_FILE = rkrdTests/Info.plist;
				LD_RUNPATH_SEARCH_PATHS = (
					"$(inherited)",
					"@executable_path/Frameworks",
					"@loader_path/Frameworks",
				);
				PRODUCT_BUNDLE_IDENTIFIER = None.rkrdTests;
				PRODUCT_NAME = "$(TARGET_NAME)";
				SWIFT_VERSION = 5.0;
				TARGETED_DEVICE_FAMILY = "1,2";
				TEST_HOST = "$(BUILT_PRODUCTS_DIR)/rcrd.app/rcrd";
			};
			name = Release;
		};
		CDF8F5C422B95C9F0090A05C /* Debug */ = {
			isa = XCBuildConfiguration;
			buildSettings = {
				ALWAYS_EMBED_SWIFT_STANDARD_LIBRARIES = YES;
				CODE_SIGN_STYLE = Automatic;
				DEVELOPMENT_TEAM = 8VNF32BC38;
				INFOPLIST_FILE = rkrdUITests/Info.plist;
				LD_RUNPATH_SEARCH_PATHS = (
					"$(inherited)",
					"@executable_path/Frameworks",
					"@loader_path/Frameworks",
				);
				PRODUCT_BUNDLE_IDENTIFIER = None.rkrdUITests;
				PRODUCT_NAME = "$(TARGET_NAME)";
				SWIFT_VERSION = 5.0;
				TARGETED_DEVICE_FAMILY = "1,2";
				TEST_TARGET_NAME = rkrd;
			};
			name = Debug;
		};
		CDF8F5C522B95C9F0090A05C /* Release */ = {
			isa = XCBuildConfiguration;
			buildSettings = {
				ALWAYS_EMBED_SWIFT_STANDARD_LIBRARIES = YES;
				CODE_SIGN_STYLE = Automatic;
				DEVELOPMENT_TEAM = 8VNF32BC38;
				INFOPLIST_FILE = rkrdUITests/Info.plist;
				LD_RUNPATH_SEARCH_PATHS = (
					"$(inherited)",
					"@executable_path/Frameworks",
					"@loader_path/Frameworks",
				);
				PRODUCT_BUNDLE_IDENTIFIER = None.rkrdUITests;
				PRODUCT_NAME = "$(TARGET_NAME)";
				SWIFT_VERSION = 5.0;
				TARGETED_DEVICE_FAMILY = "1,2";
				TEST_TARGET_NAME = rkrd;
			};
			name = Release;
		};
/* End XCBuildConfiguration section */

/* Begin XCConfigurationList section */
		CDF8F59022B95C9E0090A05C /* Build configuration list for PBXProject "rcrd" */ = {
			isa = XCConfigurationList;
			buildConfigurations = (
				CDF8F5BB22B95C9F0090A05C /* Debug */,
				CDF8F5BC22B95C9F0090A05C /* Release */,
			);
			defaultConfigurationIsVisible = 0;
			defaultConfigurationName = Release;
		};
		CDF8F5BD22B95C9F0090A05C /* Build configuration list for PBXNativeTarget "rcrd" */ = {
			isa = XCConfigurationList;
			buildConfigurations = (
				CDF8F5BE22B95C9F0090A05C /* Debug */,
				CDF8F5BF22B95C9F0090A05C /* Release */,
			);
			defaultConfigurationIsVisible = 0;
			defaultConfigurationName = Release;
		};
		CDF8F5C022B95C9F0090A05C /* Build configuration list for PBXNativeTarget "rcrdTests" */ = {
			isa = XCConfigurationList;
			buildConfigurations = (
				CDF8F5C122B95C9F0090A05C /* Debug */,
				CDF8F5C222B95C9F0090A05C /* Release */,
			);
			defaultConfigurationIsVisible = 0;
			defaultConfigurationName = Release;
		};
		CDF8F5C322B95C9F0090A05C /* Build configuration list for PBXNativeTarget "rcrdUITests" */ = {
			isa = XCConfigurationList;
			buildConfigurations = (
				CDF8F5C422B95C9F0090A05C /* Debug */,
				CDF8F5C522B95C9F0090A05C /* Release */,
			);
			defaultConfigurationIsVisible = 0;
			defaultConfigurationName = Release;
		};
/* End XCConfigurationList section */
	};
	rootObject = CDF8F58D22B95C9E0090A05C /* Project object */;
}
